
Microsoft Visual Studio Solution File, Format Version 12.00
# Visual Studio Version 16
VisualStudioVersion = 16.0.31402.337
MinimumVisualStudioVersion = 10.0.40219.1
Project("{FAE04EC0-301F-11D3-BF4B-00C04F79EFBC}") = "KnightsAndWalls", "KnightsAndWalls\KnightsAndWalls.csproj", "{11FF1CDC-23EC-4692-9F48-218003C1D71D}"
EndProject
Global
	GlobalSection(SolutionConfigurationPlatforms) = preSolution
		Debug|Any CPU = Debug|Any CPU
		Release|Any CPU = Release|Any CPU
	EndGlobalSection
	GlobalSection(ProjectConfigurationPlatforms) = postSolution
		{11FF1CDC-23EC-4692-9F48-218003C1D71D}.Debug|Any CPU.ActiveCfg = Debug|Any CPU
		{11FF1CDC-23EC-4692-9F48-218003C1D71D}.Debug|Any CPU.Build.0 = Debug|Any CPU
		{11FF1CDC-23EC-4692-9F48-218003C1D71D}.Release|Any CPU.ActiveCfg = Release|Any CPU
		{11FF1CDC-23EC-4692-9F48-218003C1D71D}.Release|Any CPU.Build.0 = Release|Any CPU
	EndGlobalSection
	GlobalSection(SolutionProperties) = preSolution
		HideSolutionNode = FALSE
	EndGlobalSection
	GlobalSection(ExtensibilityGlobals) = postSolution
		SolutionGuid = {5DE4C3F1-7B5B-417B-9AB8-5FE252E7C9FD}
	EndGlobalSection
EndGlobal
