
Microsoft Visual Studio Solution File, Format Version 12.00
# Visual Studio Version 16
VisualStudioVersion = 16.0.31402.337
MinimumVisualStudioVersion = 10.0.40219.1
Project("{FAE04EC0-301F-11D3-BF4B-00C04F79EFBC}") = "Traffic With Enum", "Traffic With Enum\Traffic With Enum.csproj", "{EEFF9E8E-7992-46A4-A494-A4864DB85BF1}"
EndProject
Global
	GlobalSection(SolutionConfigurationPlatforms) = preSolution
		Debug|Any CPU = Debug|Any CPU
		Release|Any CPU = Release|Any CPU
	EndGlobalSection
	GlobalSection(ProjectConfigurationPlatforms) = postSolution
		{EEFF9E8E-7992-46A4-A494-A4864DB85BF1}.Debug|Any CPU.ActiveCfg = Debug|Any CPU
		{EEFF9E8E-7992-46A4-A494-A4864DB85BF1}.Debug|Any CPU.Build.0 = Debug|Any CPU
		{EEFF9E8E-7992-46A4-A494-A4864DB85BF1}.Release|Any CPU.ActiveCfg = Release|Any CPU
		{EEFF9E8E-7992-46A4-A494-A4864DB85BF1}.Release|Any CPU.Build.0 = Release|Any CPU
	EndGlobalSection
	GlobalSection(SolutionProperties) = preSolution
		HideSolutionNode = FALSE
	EndGlobalSection
	GlobalSection(ExtensibilityGlobals) = postSolution
		SolutionGuid = {6884EE00-5A40-4935-9CB7-136D904EE1FE}
	EndGlobalSection
EndGlobal
