
Microsoft Visual Studio Solution File, Format Version 12.00
# Visual Studio Version 16
VisualStudioVersion = 16.0.31025.194
MinimumVisualStudioVersion = 10.0.40219.1
Project("{FAE04EC0-301F-11D3-BF4B-00C04F79EFBC}") = "Create Blocks", "Create Blocks\Create Blocks.csproj", "{722ED319-D17F-43B0-9CEB-77F524E9A4EA}"
EndProject
Global
	GlobalSection(SolutionConfigurationPlatforms) = preSolution
		Debug|Any CPU = Debug|Any CPU
		Release|Any CPU = Release|Any CPU
	EndGlobalSection
	GlobalSection(ProjectConfigurationPlatforms) = postSolution
		{722ED319-D17F-43B0-9CEB-77F524E9A4EA}.Debug|Any CPU.ActiveCfg = Debug|Any CPU
		{722ED319-D17F-43B0-9CEB-77F524E9A4EA}.Debug|Any CPU.Build.0 = Debug|Any CPU
		{722ED319-D17F-43B0-9CEB-77F524E9A4EA}.Release|Any CPU.ActiveCfg = Release|Any CPU
		{722ED319-D17F-43B0-9CEB-77F524E9A4EA}.Release|Any CPU.Build.0 = Release|Any CPU
	EndGlobalSection
	GlobalSection(SolutionProperties) = preSolution
		HideSolutionNode = FALSE
	EndGlobalSection
	GlobalSection(ExtensibilityGlobals) = postSolution
		SolutionGuid = {029E86B3-456E-4A2F-8F2A-A576EC274F78}
	EndGlobalSection
EndGlobal
