
Microsoft Visual Studio Solution File, Format Version 12.00
# Visual Studio Version 16
VisualStudioVersion = 16.0.31402.337
MinimumVisualStudioVersion = 10.0.40219.1
Project("{FAE04EC0-301F-11D3-BF4B-00C04F79EFBC}") = "TetrisAttack", "TetrisAttack\TetrisAttack.csproj", "{30AA2766-9F81-4E87-9607-17165137633D}"
EndProject
Global
	GlobalSection(SolutionConfigurationPlatforms) = preSolution
		Debug|Any CPU = Debug|Any CPU
		Release|Any CPU = Release|Any CPU
	EndGlobalSection
	GlobalSection(ProjectConfigurationPlatforms) = postSolution
		{30AA2766-9F81-4E87-9607-17165137633D}.Debug|Any CPU.ActiveCfg = Debug|Any CPU
		{30AA2766-9F81-4E87-9607-17165137633D}.Debug|Any CPU.Build.0 = Debug|Any CPU
		{30AA2766-9F81-4E87-9607-17165137633D}.Release|Any CPU.ActiveCfg = Release|Any CPU
		{30AA2766-9F81-4E87-9607-17165137633D}.Release|Any CPU.Build.0 = Release|Any CPU
	EndGlobalSection
	GlobalSection(SolutionProperties) = preSolution
		HideSolutionNode = FALSE
	EndGlobalSection
	GlobalSection(ExtensibilityGlobals) = postSolution
		SolutionGuid = {0C6D9B7E-C5A1-4105-BFCE-D3692648790B}
	EndGlobalSection
EndGlobal
