
Microsoft Visual Studio Solution File, Format Version 12.00
# Visual Studio Version 16
VisualStudioVersion = 16.0.31025.194
MinimumVisualStudioVersion = 10.0.40219.1
Project("{FAE04EC0-301F-11D3-BF4B-00C04F79EFBC}") = "Traffic", "Traffic\Traffic.csproj", "{518D2727-FD1F-4344-900B-45F3D5E092F1}"
EndProject
Global
	GlobalSection(SolutionConfigurationPlatforms) = preSolution
		Debug|Any CPU = Debug|Any CPU
		Release|Any CPU = Release|Any CPU
	EndGlobalSection
	GlobalSection(ProjectConfigurationPlatforms) = postSolution
		{518D2727-FD1F-4344-900B-45F3D5E092F1}.Debug|Any CPU.ActiveCfg = Debug|Any CPU
		{518D2727-FD1F-4344-900B-45F3D5E092F1}.Debug|Any CPU.Build.0 = Debug|Any CPU
		{518D2727-FD1F-4344-900B-45F3D5E092F1}.Release|Any CPU.ActiveCfg = Release|Any CPU
		{518D2727-FD1F-4344-900B-45F3D5E092F1}.Release|Any CPU.Build.0 = Release|Any CPU
	EndGlobalSection
	GlobalSection(SolutionProperties) = preSolution
		HideSolutionNode = FALSE
	EndGlobalSection
	GlobalSection(ExtensibilityGlobals) = postSolution
		SolutionGuid = {172DC400-4D1B-453A-A329-7B11C9170CDC}
	EndGlobalSection
EndGlobal
